
Microsoft Visual Studio Solution File, Format Version 12.00
# Visual Studio Version 16
VisualStudioVersion = 16.0.32901.82
MinimumVisualStudioVersion = 10.0.40219.1
Project("{FAE04EC0-301F-11D3-BF4B-00C04F79EFBC}") = "Asp.NetCore5.0_Traversal_Reservation_Project", "Asp.NetCore5.0_Traversal_Reservation_Project\Asp.NetCore5.0_Traversal_Reservation_Project.csproj", "{0875D855-A686-44E8-B460-07ADB06CDCD1}"
EndProject
Global
	GlobalSection(SolutionConfigurationPlatforms) = preSolution
		Debug|Any CPU = Debug|Any CPU
		Release|Any CPU = Release|Any CPU
	EndGlobalSection
	GlobalSection(ProjectConfigurationPlatforms) = postSolution
		{0875D855-A686-44E8-B460-07ADB06CDCD1}.Debug|Any CPU.ActiveCfg = Debug|Any CPU
		{0875D855-A686-44E8-B460-07ADB06CDCD1}.Debug|Any CPU.Build.0 = Debug|Any CPU
		{0875D855-A686-44E8-B460-07ADB06CDCD1}.Release|Any CPU.ActiveCfg = Release|Any CPU
		{0875D855-A686-44E8-B460-07ADB06CDCD1}.Release|Any CPU.Build.0 = Release|Any CPU
	EndGlobalSection
	GlobalSection(SolutionProperties) = preSolution
		HideSolutionNode = FALSE
	EndGlobalSection
	GlobalSection(ExtensibilityGlobals) = postSolution
		SolutionGuid = {DCD70CFD-EB22-4063-815C-58D1870B94EC}
	EndGlobalSection
EndGlobal
